{
    "name": "trayce-nodejs-scripts",
    "version": "1.0.0",
    "lockfileVersion": 3,
    "requires": true,
    "packages": {
        "": {
            "name": "trayce-nodejs-scripts",
            "version": "1.0.0",
            "license": "ISC",
            "dependencies": {
                "@usebruno/query": "^0.1.0"
            },
            "devDependencies": {},
            "engines": {
                "node": ">=14.0.0"
            }
        },
        "node_modules/@usebruno/query": {
            "version": "0.1.0",
            "resolved": "https://registry.npmjs.org/@usebruno/query/-/query-0.1.0.tgz",
            "integrity": "sha512-+upwS01y6mMHS91pgh1Iu2nclish7N4otviIs7dJmNLI4AO3UyC3hEFzykls5A6p7mlbVSP2DCCFOPGThhPVCg=="
        }
    }
}
